
Microsoft Visual Studio Solution File, Format Version 12.00
# Visual Studio Version 16
VisualStudioVersion = 16.0.30413.136
MinimumVisualStudioVersion = 10.0.40219.1
Project("{FAE04EC0-301F-11D3-BF4B-00C04F79EFBC}") = "LightbulbSolver", "LightbulbSolver\LightbulbSolver.csproj", "{5FA6D73F-2099-484E-95DD-F3A4EF852337}"
EndProject
Global
	GlobalSection(SolutionConfigurationPlatforms) = preSolution
		Debug|Any CPU = Debug|Any CPU
		Release|Any CPU = Release|Any CPU
	EndGlobalSection
	GlobalSection(ProjectConfigurationPlatforms) = postSolution
		{5FA6D73F-2099-484E-95DD-F3A4EF852337}.Debug|Any CPU.ActiveCfg = Debug|Any CPU
		{5FA6D73F-2099-484E-95DD-F3A4EF852337}.Debug|Any CPU.Build.0 = Debug|Any CPU
		{5FA6D73F-2099-484E-95DD-F3A4EF852337}.Release|Any CPU.ActiveCfg = Release|Any CPU
		{5FA6D73F-2099-484E-95DD-F3A4EF852337}.Release|Any CPU.Build.0 = Release|Any CPU
	EndGlobalSection
	GlobalSection(SolutionProperties) = preSolution
		HideSolutionNode = FALSE
	EndGlobalSection
	GlobalSection(ExtensibilityGlobals) = postSolution
		SolutionGuid = {55CCFD94-9D5F-4873-A8BB-00B908F91DE3}
	EndGlobalSection
EndGlobal
